
Microsoft Visual Studio Solution File, Format Version 11.00
# Visual Studio 2010
Project("{8BC9CEB8-8B4A-11D0-8D11-00A0C91BC942}") = "opticalflow", "opticalflow\opticalflow.vcxproj", "{AF2A809E-DCB2-422A-B3E8-62D8B042F625}"
EndProject
Global
	GlobalSection(SolutionConfigurationPlatforms) = preSolution
		Debug|Win32 = Debug|Win32
		Release|Win32 = Release|Win32
	EndGlobalSection
	GlobalSection(ProjectConfigurationPlatforms) = postSolution
		{AF2A809E-DCB2-422A-B3E8-62D8B042F625}.Debug|Win32.ActiveCfg = Debug|Win32
		{AF2A809E-DCB2-422A-B3E8-62D8B042F625}.Debug|Win32.Build.0 = Debug|Win32
		{AF2A809E-DCB2-422A-B3E8-62D8B042F625}.Release|Win32.ActiveCfg = Release|Win32
		{AF2A809E-DCB2-422A-B3E8-62D8B042F625}.Release|Win32.Build.0 = Release|Win32
	EndGlobalSection
	GlobalSection(SolutionProperties) = preSolution
		HideSolutionNode = FALSE
	EndGlobalSection
EndGlobal
